{
  "name": "ssr_with_hap",
  "version": "1.0.0",
  "lockfileVersion": 1,
  "requires": true,
  "dependencies": {
    "axios": {
      "version": "0.21.1",
      "resolved": "http://registry.npm.souche-inc.com/axios/download/axios-0.21.1.tgz",
      "integrity": "sha1-IlY0gZYvTWvemnbVFu8OXTwJsrg=",
      "requires": {
        "follow-redirects": "^1.10.0"
      }
    },
    "dsv": {
      "version": "0.0.5",
      "resolved": "http://registry.npm.souche-inc.com/dsv/download/dsv-0.0.5.tgz",
      "integrity": "sha1-kdM9TqECRkVMmTT9OHF05FK417w="
    },
    "follow-redirects": {
      "version": "1.13.3",
      "resolved": "http://registry.npm.souche-inc.com/follow-redirects/download/follow-redirects-1.13.3.tgz",
      "integrity": "sha1-5VmK1QF0wbxOhyMB6CrCzZf5Amc="
    },
    "haproxy": {
      "version": "0.3.0",
      "resolved": "https://registry.npmjs.org/haproxy/-/haproxy-0.3.0.tgz",
      "integrity": "sha1-MUZs+2fmITKQxuEMZgnSUr9q6kk=",
      "requires": {
        "dsv": "0.0.x",
        "mkdirp": "0.5.x",
        "which": "~1.2.12"
      }
    },
    "isexe": {
      "version": "2.0.0",
      "resolved": "http://registry.npm.souche-inc.com/isexe/download/isexe-2.0.0.tgz",
      "integrity": "sha1-6PvzdNxVb/iUehDcsFctYz8s+hA="
    },
    "minimist": {
      "version": "1.2.5",
      "resolved": "http://registry.npm.souche-inc.com/minimist/download/minimist-1.2.5.tgz",
      "integrity": "sha1-Z9ZgFLZqaoqqDAg8X9WN9OTpdgI="
    },
    "mkdirp": {
      "version": "0.5.5",
      "resolved": "http://registry.npm.souche-inc.com/mkdirp/download/mkdirp-0.5.5.tgz",
      "integrity": "sha1-2Rzv1i0UNsoPQWIOJRKI1CAJne8=",
      "requires": {
        "minimist": "^1.2.5"
      }
    },
    "ssr-uri-help": {
      "version": "1.0.1",
      "resolved": "https://registry.npmjs.org/ssr-uri-help/-/ssr-uri-help-1.0.1.tgz",
      "integrity": "sha512-ZUc4+gUG952A1ntsu6S4TglSfios2ECo9EE6WeINpldSN0yyWEV9fBj/MtbzCLcqm37/3Rt1d2yrgz0zktneLw==",
      "requires": {
        "js-base64": "^2.5.1"
      },
      "dependencies": {
        "js-base64": {
          "version": "2.6.4",
          "resolved": "http://registry.npm.souche-inc.com/js-base64/download/js-base64-2.6.4.tgz",
          "integrity": "sha1-9OaGxd4eofhn28rT1G2WlCjfmMQ="
        }
      }
    },
    "which": {
      "version": "1.2.14",
      "resolved": "http://registry.npm.souche-inc.com/which/download/which-1.2.14.tgz",
      "integrity": "sha1-mofEN48D6CfOyvGs31bHNsAcFOU=",
      "requires": {
        "isexe": "^2.0.0"
      }
    }
  }
}
